
Microsoft Visual Studio Solution File, Format Version 12.00
# Visual Studio 15
VisualStudioVersion = 15.0.28307.438
MinimumVisualStudioVersion = 10.0.40219.1
Project("{FAE04EC0-301F-11D3-BF4B-00C04F79EFBC}") = "MvcOrnek13LayoutKonusu", "MvcOrnek13LayoutKonusu\MvcOrnek13LayoutKonusu.csproj", "{7C99C0D9-D1F5-494F-9D05-4B77BEF11908}"
EndProject
Global
	GlobalSection(SolutionConfigurationPlatforms) = preSolution
		Debug|Any CPU = Debug|Any CPU
		Release|Any CPU = Release|Any CPU
	EndGlobalSection
	GlobalSection(ProjectConfigurationPlatforms) = postSolution
		{7C99C0D9-D1F5-494F-9D05-4B77BEF11908}.Debug|Any CPU.ActiveCfg = Debug|Any CPU
		{7C99C0D9-D1F5-494F-9D05-4B77BEF11908}.Debug|Any CPU.Build.0 = Debug|Any CPU
		{7C99C0D9-D1F5-494F-9D05-4B77BEF11908}.Release|Any CPU.ActiveCfg = Release|Any CPU
		{7C99C0D9-D1F5-494F-9D05-4B77BEF11908}.Release|Any CPU.Build.0 = Release|Any CPU
	EndGlobalSection
	GlobalSection(SolutionProperties) = preSolution
		HideSolutionNode = FALSE
	EndGlobalSection
	GlobalSection(ExtensibilityGlobals) = postSolution
		SolutionGuid = {2058D961-58F8-495A-91CE-948DA2934C13}
	EndGlobalSection
EndGlobal
