
Microsoft Visual Studio Solution File, Format Version 12.00
# Visual Studio 15
VisualStudioVersion = 15.0.28307.421
MinimumVisualStudioVersion = 10.0.40219.1
Project("{FAE04EC0-301F-11D3-BF4B-00C04F79EFBC}") = "MvcOrnek9HtmlHelperKonusu", "MvcOrnek9HtmlHelperKonusu\MvcOrnek9HtmlHelperKonusu.csproj", "{8D80951F-99A8-4B02-B942-CBF6514B9BA0}"
EndProject
Global
	GlobalSection(SolutionConfigurationPlatforms) = preSolution
		Debug|Any CPU = Debug|Any CPU
		Release|Any CPU = Release|Any CPU
	EndGlobalSection
	GlobalSection(ProjectConfigurationPlatforms) = postSolution
		{8D80951F-99A8-4B02-B942-CBF6514B9BA0}.Debug|Any CPU.ActiveCfg = Debug|Any CPU
		{8D80951F-99A8-4B02-B942-CBF6514B9BA0}.Debug|Any CPU.Build.0 = Debug|Any CPU
		{8D80951F-99A8-4B02-B942-CBF6514B9BA0}.Release|Any CPU.ActiveCfg = Release|Any CPU
		{8D80951F-99A8-4B02-B942-CBF6514B9BA0}.Release|Any CPU.Build.0 = Release|Any CPU
	EndGlobalSection
	GlobalSection(SolutionProperties) = preSolution
		HideSolutionNode = FALSE
	EndGlobalSection
	GlobalSection(ExtensibilityGlobals) = postSolution
		SolutionGuid = {0F822290-906C-4967-9DA3-44B37D57733A}
	EndGlobalSection
EndGlobal
