
Microsoft Visual Studio Solution File, Format Version 12.00
# Visual Studio 15
VisualStudioVersion = 15.0.28307.329
MinimumVisualStudioVersion = 10.0.40219.1
Project("{FAE04EC0-301F-11D3-BF4B-00C04F79EFBC}") = "MvcOrnek2ViewBag", "MvcOrnek2ViewBag\MvcOrnek2ViewBag.csproj", "{43BD46C9-C855-43E9-86A3-CBCCB62C757E}"
EndProject
Global
	GlobalSection(SolutionConfigurationPlatforms) = preSolution
		Debug|Any CPU = Debug|Any CPU
		Release|Any CPU = Release|Any CPU
	EndGlobalSection
	GlobalSection(ProjectConfigurationPlatforms) = postSolution
		{43BD46C9-C855-43E9-86A3-CBCCB62C757E}.Debug|Any CPU.ActiveCfg = Debug|Any CPU
		{43BD46C9-C855-43E9-86A3-CBCCB62C757E}.Debug|Any CPU.Build.0 = Debug|Any CPU
		{43BD46C9-C855-43E9-86A3-CBCCB62C757E}.Release|Any CPU.ActiveCfg = Release|Any CPU
		{43BD46C9-C855-43E9-86A3-CBCCB62C757E}.Release|Any CPU.Build.0 = Release|Any CPU
	EndGlobalSection
	GlobalSection(SolutionProperties) = preSolution
		HideSolutionNode = FALSE
	EndGlobalSection
	GlobalSection(ExtensibilityGlobals) = postSolution
		SolutionGuid = {E38C2D68-47CB-4DAD-B1FA-74AD437102E0}
	EndGlobalSection
EndGlobal
