
Microsoft Visual Studio Solution File, Format Version 12.00
# Visual Studio 15
VisualStudioVersion = 15.0.28307.329
MinimumVisualStudioVersion = 10.0.40219.1
Project("{FAE04EC0-301F-11D3-BF4B-00C04F79EFBC}") = "KoleksiyonListConsole", "KoleksiyonListConsole\KoleksiyonListConsole.csproj", "{9E3CE679-7146-46E8-AC1F-D606474BB1A0}"
EndProject
Global
	GlobalSection(SolutionConfigurationPlatforms) = preSolution
		Debug|Any CPU = Debug|Any CPU
		Release|Any CPU = Release|Any CPU
	EndGlobalSection
	GlobalSection(ProjectConfigurationPlatforms) = postSolution
		{9E3CE679-7146-46E8-AC1F-D606474BB1A0}.Debug|Any CPU.ActiveCfg = Debug|Any CPU
		{9E3CE679-7146-46E8-AC1F-D606474BB1A0}.Debug|Any CPU.Build.0 = Debug|Any CPU
		{9E3CE679-7146-46E8-AC1F-D606474BB1A0}.Release|Any CPU.ActiveCfg = Release|Any CPU
		{9E3CE679-7146-46E8-AC1F-D606474BB1A0}.Release|Any CPU.Build.0 = Release|Any CPU
	EndGlobalSection
	GlobalSection(SolutionProperties) = preSolution
		HideSolutionNode = FALSE
	EndGlobalSection
	GlobalSection(ExtensibilityGlobals) = postSolution
		SolutionGuid = {CB80F2CF-9B61-4872-8AC1-03B0B5B05566}
	EndGlobalSection
EndGlobal
