
Microsoft Visual Studio Solution File, Format Version 12.00
# Visual Studio 15
VisualStudioVersion = 15.0.28307.329
MinimumVisualStudioVersion = 10.0.40219.1
Project("{FAE04EC0-301F-11D3-BF4B-00C04F79EFBC}") = "MvcOrnek6SessionKonusu", "MvcOrnek6SessionKonusu\MvcOrnek6SessionKonusu.csproj", "{65824A7A-ADB6-4D83-826B-638D0C25EDFF}"
EndProject
Global
	GlobalSection(SolutionConfigurationPlatforms) = preSolution
		Debug|Any CPU = Debug|Any CPU
		Release|Any CPU = Release|Any CPU
	EndGlobalSection
	GlobalSection(ProjectConfigurationPlatforms) = postSolution
		{65824A7A-ADB6-4D83-826B-638D0C25EDFF}.Debug|Any CPU.ActiveCfg = Debug|Any CPU
		{65824A7A-ADB6-4D83-826B-638D0C25EDFF}.Debug|Any CPU.Build.0 = Debug|Any CPU
		{65824A7A-ADB6-4D83-826B-638D0C25EDFF}.Release|Any CPU.ActiveCfg = Release|Any CPU
		{65824A7A-ADB6-4D83-826B-638D0C25EDFF}.Release|Any CPU.Build.0 = Release|Any CPU
	EndGlobalSection
	GlobalSection(SolutionProperties) = preSolution
		HideSolutionNode = FALSE
	EndGlobalSection
	GlobalSection(ExtensibilityGlobals) = postSolution
		SolutionGuid = {E0854DB7-83F4-4F58-A372-F9D6E6F724C2}
	EndGlobalSection
EndGlobal
